
Microsoft Visual Studio Solution File, Format Version 12.00
# Visual Studio 15
VisualStudioVersion = 15.0.27428.2037
MinimumVisualStudioVersion = 10.0.40219.1
Project("{FAE04EC0-301F-11D3-BF4B-00C04F79EFBC}") = "Survey", "Survey\Survey.csproj", "{286BA1DD-8777-4123-8DC5-288D6B1FCFF4}"
EndProject
Global
	GlobalSection(SolutionConfigurationPlatforms) = preSolution
		Debug|Any CPU = Debug|Any CPU
		Release|Any CPU = Release|Any CPU
	EndGlobalSection
	GlobalSection(ProjectConfigurationPlatforms) = postSolution
		{286BA1DD-8777-4123-8DC5-288D6B1FCFF4}.Debug|Any CPU.ActiveCfg = Debug|Any CPU
		{286BA1DD-8777-4123-8DC5-288D6B1FCFF4}.Debug|Any CPU.Build.0 = Debug|Any CPU
		{286BA1DD-8777-4123-8DC5-288D6B1FCFF4}.Release|Any CPU.ActiveCfg = Release|Any CPU
		{286BA1DD-8777-4123-8DC5-288D6B1FCFF4}.Release|Any CPU.Build.0 = Release|Any CPU
	EndGlobalSection
	GlobalSection(SolutionProperties) = preSolution
		HideSolutionNode = FALSE
	EndGlobalSection
	GlobalSection(ExtensibilityGlobals) = postSolution
		SolutionGuid = {C31D8964-8869-473D-B868-98605A8CB047}
	EndGlobalSection
EndGlobal
